
Microsoft Visual Studio Solution File, Format Version 12.00
# Visual Studio Version 16
VisualStudioVersion = 16.0.30523.141
MinimumVisualStudioVersion = 10.0.40219.1
Project("{FAE04EC0-301F-11D3-BF4B-00C04F79EFBC}") = "ContinuousDeploymentSample.WebApi", "ContinuousDeploymentSample.WebApi\ContinuousDeploymentSample.WebApi.csproj", "{349485D5-8B51-4B12-ABA2-704781BCF06D}"
EndProject
Project("{FAE04EC0-301F-11D3-BF4B-00C04F79EFBC}") = "ContinuousDeploymentSample.Tests", "ContinuousDeploymentSample.Tests\ContinuousDeploymentSample.Tests.csproj", "{A0C52C83-74FB-4622-B542-0253C287DD89}"
EndProject
Global
	GlobalSection(SolutionConfigurationPlatforms) = preSolution
		Debug|Any CPU = Debug|Any CPU
		Release|Any CPU = Release|Any CPU
	EndGlobalSection
	GlobalSection(ProjectConfigurationPlatforms) = postSolution
		{349485D5-8B51-4B12-ABA2-704781BCF06D}.Debug|Any CPU.ActiveCfg = Debug|Any CPU
		{349485D5-8B51-4B12-ABA2-704781BCF06D}.Debug|Any CPU.Build.0 = Debug|Any CPU
		{349485D5-8B51-4B12-ABA2-704781BCF06D}.Release|Any CPU.ActiveCfg = Release|Any CPU
		{349485D5-8B51-4B12-ABA2-704781BCF06D}.Release|Any CPU.Build.0 = Release|Any CPU
		{A0C52C83-74FB-4622-B542-0253C287DD89}.Debug|Any CPU.ActiveCfg = Debug|Any CPU
		{A0C52C83-74FB-4622-B542-0253C287DD89}.Debug|Any CPU.Build.0 = Debug|Any CPU
		{A0C52C83-74FB-4622-B542-0253C287DD89}.Release|Any CPU.ActiveCfg = Release|Any CPU
		{A0C52C83-74FB-4622-B542-0253C287DD89}.Release|Any CPU.Build.0 = Release|Any CPU
	EndGlobalSection
	GlobalSection(SolutionProperties) = preSolution
		HideSolutionNode = FALSE
	EndGlobalSection
	GlobalSection(ExtensibilityGlobals) = postSolution
		SolutionGuid = {C7AC14BD-B6BB-40E9-AD09-251AE7EF5B3E}
	EndGlobalSection
EndGlobal
